// !$*UTF8*$!
{
	archiveVersion = 1;
	classes = {
	};
	objectVersion = 56;
	objects = {

/* Begin PBXBuildFile section */
		AA000001 /* RFCMentorConnectApp.swift in Sources */ = {isa = PBXBuildFile; fileRef = AA100001 /* RFCMentorConnectApp.swift */; };
		AA000002 /* KeychainHelper.swift in Sources */ = {isa = PBXBuildFile; fileRef = AA100002 /* KeychainHelper.swift */; };
		AA000003 /* APIClient.swift in Sources */ = {isa = PBXBuildFile; fileRef = AA100003 /* APIClient.swift */; };
		AA000004 /* AuthService.swift in Sources */ = {isa = PBXBuildFile; fileRef = AA100004 /* AuthService.swift */; };
		AA000005 /* SocketService.swift in Sources */ = {isa = PBXBuildFile; fileRef = AA100005 /* SocketService.swift */; };
		AA000006 /* User.swift in Sources */ = {isa = PBXBuildFile; fileRef = AA100006 /* User.swift */; };
		AA000007 /* Message.swift in Sources */ = {isa = PBXBuildFile; fileRef = AA100007 /* Message.swift */; };
		AA000008 /* Resource.swift in Sources */ = {isa = PBXBuildFile; fileRef = AA100008 /* Resource.swift */; };
		AA000009 /* AdminOverview.swift in Sources */ = {isa = PBXBuildFile; fileRef = AA100009 /* AdminOverview.swift */; };
		AA000010 /* LoginView.swift in Sources */ = {isa = PBXBuildFile; fileRef = AA100010 /* LoginView.swift */; };
		AA000011 /* OnboardingView.swift in Sources */ = {isa = PBXBuildFile; fileRef = AA100011 /* OnboardingView.swift */; };
		AA000012 /* AdminDashboardView.swift in Sources */ = {isa = PBXBuildFile; fileRef = AA100012 /* AdminDashboardView.swift */; };
		AA000013 /* CreateUserView.swift in Sources */ = {isa = PBXBuildFile; fileRef = AA100013 /* CreateUserView.swift */; };
		AA000014 /* PatientDetailView.swift in Sources */ = {isa = PBXBuildFile; fileRef = AA100014 /* PatientDetailView.swift */; };
		AA000015 /* PatientDashboardView.swift in Sources */ = {isa = PBXBuildFile; fileRef = AA100015 /* PatientDashboardView.swift */; };
		AA000016 /* MentorDashboardView.swift in Sources */ = {isa = PBXBuildFile; fileRef = AA100016 /* MentorDashboardView.swift */; };
		AA000017 /* ChatView.swift in Sources */ = {isa = PBXBuildFile; fileRef = AA100017 /* ChatView.swift */; };
		AA000018 /* VoiceRecorderView.swift in Sources */ = {isa = PBXBuildFile; fileRef = AA100018 /* VoiceRecorderView.swift */; };
		AA000019 /* AttachmentPickerView.swift in Sources */ = {isa = PBXBuildFile; fileRef = AA100019 /* AttachmentPickerView.swift */; };
		AA000020 /* JourneyHubView.swift in Sources */ = {isa = PBXBuildFile; fileRef = AA100020 /* JourneyHubView.swift */; };
		AA000021 /* ResourceDetailView.swift in Sources */ = {isa = PBXBuildFile; fileRef = AA100021 /* ResourceDetailView.swift */; };
		AA000022 /* SettingsView.swift in Sources */ = {isa = PBXBuildFile; fileRef = AA100022 /* SettingsView.swift */; };
		AA000023 /* Assets.xcassets in Resources */ = {isa = PBXBuildFile; fileRef = AA100023 /* Assets.xcassets */; };
		AA000030 /* MentorResourcesView.swift in Sources */ = {isa = PBXBuildFile; fileRef = AA100030 /* MentorResourcesView.swift */; };
		AA000031 /* PushNotificationService.swift in Sources */ = {isa = PBXBuildFile; fileRef = AA100031 /* PushNotificationService.swift */; };
		AA000040 /* VideoCallService.swift in Sources */ = {isa = PBXBuildFile; fileRef = AA100040 /* VideoCallService.swift */; };
		AA000041 /* VideoCall.swift in Sources */ = {isa = PBXBuildFile; fileRef = AA100041 /* VideoCall.swift */; };
		AA000042 /* VideoCallView.swift in Sources */ = {isa = PBXBuildFile; fileRef = AA100042 /* VideoCallView.swift */; };
		AA000043 /* IncomingCallView.swift in Sources */ = {isa = PBXBuildFile; fileRef = AA100043 /* IncomingCallView.swift */; };
		AA000044 /* ScheduleCallView.swift in Sources */ = {isa = PBXBuildFile; fileRef = AA100044 /* ScheduleCallView.swift */; };
		F856CC432FB63738004CBFAE /* Daily in Frameworks */ = {isa = PBXBuildFile; productRef = F856CC422FB63738004CBFAE /* Daily */; };
		F856CC452FB63738004CBFAE /* DailySystemBroadcast in Frameworks */ = {isa = PBXBuildFile; productRef = F856CC442FB63738004CBFAE /* DailySystemBroadcast */; };
		F8E1C01D2F6DCEA90063E454 /* SocketIO in Frameworks */ = {isa = PBXBuildFile; productRef = AAPKG0001 /* SocketIO */; };
/* End PBXBuildFile section */

/* Begin PBXFileReference section */
		AA100001 /* RFCMentorConnectApp.swift */ = {isa = PBXFileReference; lastKnownFileType = sourcecode.swift; path = RFCMentorConnectApp.swift; sourceTree = "<group>"; };
		AA100002 /* KeychainHelper.swift */ = {isa = PBXFileReference; lastKnownFileType = sourcecode.swift; path = KeychainHelper.swift; sourceTree = "<group>"; };
		AA100003 /* APIClient.swift */ = {isa = PBXFileReference; lastKnownFileType = sourcecode.swift; path = APIClient.swift; sourceTree = "<group>"; };
		AA100004 /* AuthService.swift */ = {isa = PBXFileReference; lastKnownFileType = sourcecode.swift; path = AuthService.swift; sourceTree = "<group>"; };
		AA100005 /* SocketService.swift */ = {isa = PBXFileReference; lastKnownFileType = sourcecode.swift; path = SocketService.swift; sourceTree = "<group>"; };
		AA100006 /* User.swift */ = {isa = PBXFileReference; lastKnownFileType = sourcecode.swift; path = User.swift; sourceTree = "<group>"; };
		AA100007 /* Message.swift */ = {isa = PBXFileReference; lastKnownFileType = sourcecode.swift; path = Message.swift; sourceTree = "<group>"; };
		AA100008 /* Resource.swift */ = {isa = PBXFileReference; lastKnownFileType = sourcecode.swift; path = Resource.swift; sourceTree = "<group>"; };
		AA100009 /* AdminOverview.swift */ = {isa = PBXFileReference; lastKnownFileType = sourcecode.swift; path = AdminOverview.swift; sourceTree = "<group>"; };
		AA100010 /* LoginView.swift */ = {isa = PBXFileReference; lastKnownFileType = sourcecode.swift; path = LoginView.swift; sourceTree = "<group>"; };
		AA100011 /* OnboardingView.swift */ = {isa = PBXFileReference; lastKnownFileType = sourcecode.swift; path = OnboardingView.swift; sourceTree = "<group>"; };
		AA100012 /* AdminDashboardView.swift */ = {isa = PBXFileReference; lastKnownFileType = sourcecode.swift; path = AdminDashboardView.swift; sourceTree = "<group>"; };
		AA100013 /* CreateUserView.swift */ = {isa = PBXFileReference; lastKnownFileType = sourcecode.swift; path = CreateUserView.swift; sourceTree = "<group>"; };
		AA100014 /* PatientDetailView.swift */ = {isa = PBXFileReference; lastKnownFileType = sourcecode.swift; path = PatientDetailView.swift; sourceTree = "<group>"; };
		AA100015 /* PatientDashboardView.swift */ = {isa = PBXFileReference; lastKnownFileType = sourcecode.swift; path = PatientDashboardView.swift; sourceTree = "<group>"; };
		AA100016 /* MentorDashboardView.swift */ = {isa = PBXFileReference; lastKnownFileType = sourcecode.swift; path = MentorDashboardView.swift; sourceTree = "<group>"; };
		AA100017 /* ChatView.swift */ = {isa = PBXFileReference; lastKnownFileType = sourcecode.swift; path = ChatView.swift; sourceTree = "<group>"; };
		AA100018 /* VoiceRecorderView.swift */ = {isa = PBXFileReference; lastKnownFileType = sourcecode.swift; path = VoiceRecorderView.swift; sourceTree = "<group>"; };
		AA100019 /* AttachmentPickerView.swift */ = {isa = PBXFileReference; lastKnownFileType = sourcecode.swift; path = AttachmentPickerView.swift; sourceTree = "<group>"; };
		AA100020 /* JourneyHubView.swift */ = {isa = PBXFileReference; lastKnownFileType = sourcecode.swift; path = JourneyHubView.swift; sourceTree = "<group>"; };
		AA100021 /* ResourceDetailView.swift */ = {isa = PBXFileReference; lastKnownFileType = sourcecode.swift; path = ResourceDetailView.swift; sourceTree = "<group>"; };
		AA100022 /* SettingsView.swift */ = {isa = PBXFileReference; lastKnownFileType = sourcecode.swift; path = SettingsView.swift; sourceTree = "<group>"; };
		AA100023 /* Assets.xcassets */ = {isa = PBXFileReference; lastKnownFileType = folder.assetcatalog; path = Assets.xcassets; sourceTree = "<group>"; };
		AA100030 /* MentorResourcesView.swift */ = {isa = PBXFileReference; lastKnownFileType = sourcecode.swift; path = MentorResourcesView.swift; sourceTree = "<group>"; };
		AA100031 /* PushNotificationService.swift */ = {isa = PBXFileReference; lastKnownFileType = sourcecode.swift; path = PushNotificationService.swift; sourceTree = "<group>"; };
		AA100040 /* VideoCallService.swift */ = {isa = PBXFileReference; lastKnownFileType = sourcecode.swift; path = VideoCallService.swift; sourceTree = "<group>"; };
		AA100041 /* VideoCall.swift */ = {isa = PBXFileReference; lastKnownFileType = sourcecode.swift; path = VideoCall.swift; sourceTree = "<group>"; };
		AA100042 /* VideoCallView.swift */ = {isa = PBXFileReference; lastKnownFileType = sourcecode.swift; path = VideoCallView.swift; sourceTree = "<group>"; };
		AA100043 /* IncomingCallView.swift */ = {isa = PBXFileReference; lastKnownFileType = sourcecode.swift; path = IncomingCallView.swift; sourceTree = "<group>"; };
		AA100044 /* ScheduleCallView.swift */ = {isa = PBXFileReference; lastKnownFileType = sourcecode.swift; path = ScheduleCallView.swift; sourceTree = "<group>"; };
		AAPROD001 /* RFCMentorConnect.app */ = {isa = PBXFileReference; explicitFileType = wrapper.application; includeInIndex = 0; path = RFCMentorConnect.app; sourceTree = BUILT_PRODUCTS_DIR; };
		F856CC462FB63A17004CBFAE /* RFCMentorConnect.entitlements */ = {isa = PBXFileReference; lastKnownFileType = text.plist.entitlements; path = RFCMentorConnect.entitlements; sourceTree = "<group>"; };
/* End PBXFileReference section */

/* Begin PBXFrameworksBuildPhase section */
		AABUILD01 /* Frameworks */ = {
			isa = PBXFrameworksBuildPhase;
			buildActionMask = 2147483647;
			files = (
				F856CC432FB63738004CBFAE /* Daily in Frameworks */,
				F8E1C01D2F6DCEA90063E454 /* SocketIO in Frameworks */,
				F856CC452FB63738004CBFAE /* DailySystemBroadcast in Frameworks */,
			);
			runOnlyForDeploymentPostprocessing = 0;
		};
/* End PBXFrameworksBuildPhase section */

/* Begin PBXGroup section */
		AAGROUP00 = {
			isa = PBXGroup;
			children = (
				AAGROUP01 /* RFCMentorConnect */,
				AAGROUP99 /* Products */,
			);
			sourceTree = "<group>";
		};
		AAGROUP01 /* RFCMentorConnect */ = {
			isa = PBXGroup;
			children = (
				F856CC462FB63A17004CBFAE /* RFCMentorConnect.entitlements */,
				AA100001 /* RFCMentorConnectApp.swift */,
				AAGROUP02 /* Services */,
				AAGROUP03 /* Models */,
				AAGROUP04 /* Views */,
				AA100023 /* Assets.xcassets */,
			);
			path = RFCMentorConnect;
			sourceTree = "<group>";
		};
		AAGROUP02 /* Services */ = {
			isa = PBXGroup;
			children = (
				AA100002 /* KeychainHelper.swift */,
				AA100003 /* APIClient.swift */,
				AA100004 /* AuthService.swift */,
				AA100005 /* SocketService.swift */,
				AA100031 /* PushNotificationService.swift */,
				AA100040 /* VideoCallService.swift */,
			);
			path = Services;
			sourceTree = "<group>";
		};
		AAGROUP03 /* Models */ = {
			isa = PBXGroup;
			children = (
				AA100006 /* User.swift */,
				AA100007 /* Message.swift */,
				AA100008 /* Resource.swift */,
				AA100009 /* AdminOverview.swift */,
				AA100041 /* VideoCall.swift */,
			);
			path = Models;
			sourceTree = "<group>";
		};
		AAGROUP04 /* Views */ = {
			isa = PBXGroup;
			children = (
				AAGROUP05 /* Auth */,
				AAGROUP06 /* Admin */,
				AAGROUP07 /* Patient */,
				AAGROUP08 /* Mentor */,
				AAGROUP09 /* Chat */,
				AAGROUP10 /* Journey */,
				AAGROUP11 /* Settings */,
				AAGROUP12 /* VideoCall */,
			);
			path = Views;
			sourceTree = "<group>";
		};
		AAGROUP05 /* Auth */ = {
			isa = PBXGroup;
			children = (
				AA100010 /* LoginView.swift */,
				AA100011 /* OnboardingView.swift */,
			);
			path = Auth;
			sourceTree = "<group>";
		};
		AAGROUP06 /* Admin */ = {
			isa = PBXGroup;
			children = (
				AA100012 /* AdminDashboardView.swift */,
				AA100013 /* CreateUserView.swift */,
				AA100014 /* PatientDetailView.swift */,
			);
			path = Admin;
			sourceTree = "<group>";
		};
		AAGROUP07 /* Patient */ = {
			isa = PBXGroup;
			children = (
				AA100015 /* PatientDashboardView.swift */,
			);
			path = Patient;
			sourceTree = "<group>";
		};
		AAGROUP08 /* Mentor */ = {
			isa = PBXGroup;
			children = (
				AA100016 /* MentorDashboardView.swift */,
				AA100030 /* MentorResourcesView.swift */,
			);
			path = Mentor;
			sourceTree = "<group>";
		};
		AAGROUP09 /* Chat */ = {
			isa = PBXGroup;
			children = (
				AA100017 /* ChatView.swift */,
				AA100018 /* VoiceRecorderView.swift */,
				AA100019 /* AttachmentPickerView.swift */,
			);
			path = Chat;
			sourceTree = "<group>";
		};
		AAGROUP10 /* Journey */ = {
			isa = PBXGroup;
			children = (
				AA100020 /* JourneyHubView.swift */,
				AA100021 /* ResourceDetailView.swift */,
			);
			path = Journey;
			sourceTree = "<group>";
		};
		AAGROUP11 /* Settings */ = {
			isa = PBXGroup;
			children = (
				AA100022 /* SettingsView.swift */,
			);
			path = Settings;
			sourceTree = "<group>";
		};
		AAGROUP12 /* VideoCall */ = {
			isa = PBXGroup;
			children = (
				AA100042 /* VideoCallView.swift */,
				AA100043 /* IncomingCallView.swift */,
				AA100044 /* ScheduleCallView.swift */,
			);
			path = VideoCall;
			sourceTree = "<group>";
		};
		AAGROUP99 /* Products */ = {
			isa = PBXGroup;
			children = (
				AAPROD001 /* RFCMentorConnect.app */,
			);
			name = Products;
			sourceTree = "<group>";
		};
/* End PBXGroup section */

/* Begin PBXNativeTarget section */
		AATARGET1 /* RFCMentorConnect */ = {
			isa = PBXNativeTarget;
			buildConfigurationList = AABCLIST1 /* Build configuration list for PBXNativeTarget "RFCMentorConnect" */;
			buildPhases = (
				AABUILD00 /* Sources */,
				AABUILD01 /* Frameworks */,
				AABUILD02 /* Resources */,
			);
			buildRules = (
			);
			dependencies = (
			);
			name = RFCMentorConnect;
			packageProductDependencies = (
				AAPKG0001 /* SocketIO */,
				F856CC422FB63738004CBFAE /* Daily */,
				F856CC442FB63738004CBFAE /* DailySystemBroadcast */,
			);
			productName = RFCMentorConnect;
			productReference = AAPROD001 /* RFCMentorConnect.app */;
			productType = "com.apple.product-type.application";
		};
/* End PBXNativeTarget section */

/* Begin PBXProject section */
		AAPROJECT1 /* Project object */ = {
			isa = PBXProject;
			attributes = {
				BuildIndependentTargetsInParallel = 1;
				LastSwiftUpdateCheck = 1500;
				LastUpgradeCheck = 2630;
				TargetAttributes = {
					AATARGET1 = {
						CreatedOnToolsVersion = 15.0;
					};
				};
			};
			buildConfigurationList = AABCLIST0 /* Build configuration list for PBXProject "RFCMentorConnect" */;
			compatibilityVersion = "Xcode 14.0";
			developmentRegion = en;
			hasScannedForEncodings = 0;
			knownRegions = (
				en,
				Base,
			);
			mainGroup = AAGROUP00;
			packageReferences = (
				AAPKG0003 /* XCRemoteSwiftPackageReference "socket" */,
				F856CC412FB63738004CBFAE /* XCRemoteSwiftPackageReference "daily-client-ios" */,
			);
			productRefGroup = AAGROUP99 /* Products */;
			projectDirPath = "";
			projectRoot = "";
			targets = (
				AATARGET1 /* RFCMentorConnect */,
			);
		};
/* End PBXProject section */

/* Begin PBXResourcesBuildPhase section */
		AABUILD02 /* Resources */ = {
			isa = PBXResourcesBuildPhase;
			buildActionMask = 2147483647;
			files = (
				AA000023 /* Assets.xcassets in Resources */,
			);
			runOnlyForDeploymentPostprocessing = 0;
		};
/* End PBXResourcesBuildPhase section */

/* Begin PBXSourcesBuildPhase section */
		AABUILD00 /* Sources */ = {
			isa = PBXSourcesBuildPhase;
			buildActionMask = 2147483647;
			files = (
				AA000001 /* RFCMentorConnectApp.swift in Sources */,
				AA000002 /* KeychainHelper.swift in Sources */,
				AA000003 /* APIClient.swift in Sources */,
				AA000004 /* AuthService.swift in Sources */,
				AA000005 /* SocketService.swift in Sources */,
				AA000031 /* PushNotificationService.swift in Sources */,
				AA000006 /* User.swift in Sources */,
				AA000007 /* Message.swift in Sources */,
				AA000008 /* Resource.swift in Sources */,
				AA000009 /* AdminOverview.swift in Sources */,
				AA000010 /* LoginView.swift in Sources */,
				AA000011 /* OnboardingView.swift in Sources */,
				AA000012 /* AdminDashboardView.swift in Sources */,
				AA000013 /* CreateUserView.swift in Sources */,
				AA000014 /* PatientDetailView.swift in Sources */,
				AA000015 /* PatientDashboardView.swift in Sources */,
				AA000016 /* MentorDashboardView.swift in Sources */,
				AA000030 /* MentorResourcesView.swift in Sources */,
				AA000017 /* ChatView.swift in Sources */,
				AA000018 /* VoiceRecorderView.swift in Sources */,
				AA000019 /* AttachmentPickerView.swift in Sources */,
				AA000020 /* JourneyHubView.swift in Sources */,
				AA000021 /* ResourceDetailView.swift in Sources */,
				AA000022 /* SettingsView.swift in Sources */,
				AA000040 /* VideoCallService.swift in Sources */,
				AA000041 /* VideoCall.swift in Sources */,
				AA000042 /* VideoCallView.swift in Sources */,
				AA000043 /* IncomingCallView.swift in Sources */,
				AA000044 /* ScheduleCallView.swift in Sources */,
			);
			runOnlyForDeploymentPostprocessing = 0;
		};
/* End PBXSourcesBuildPhase section */

/* Begin XCBuildConfiguration section */
		AABCDBUG0 /* Debug */ = {
			isa = XCBuildConfiguration;
			buildSettings = {
				ALWAYS_SEARCH_USER_PATHS = NO;
				ASSETCATALOG_COMPILER_GENERATE_SWIFT_ASSET_SYMBOL_EXTENSIONS = YES;
				CLANG_ANALYZER_NONNULL = YES;
				CLANG_ANALYZER_NUMBER_OBJECT_CONVERSION = YES_AGGRESSIVE;
				CLANG_CXX_LANGUAGE_STANDARD = "gnu++20";
				CLANG_ENABLE_MODULES = YES;
				CLANG_ENABLE_OBJC_ARC = YES;
				CLANG_ENABLE_OBJC_WEAK = YES;
				CLANG_WARN_BLOCK_CAPTURE_AUTORELEASING = YES;
				CLANG_WARN_BOOL_CONVERSION = YES;
				CLANG_WARN_COMMA = YES;
				CLANG_WARN_CONSTANT_CONVERSION = YES;
				CLANG_WARN_DEPRECATED_OBJC_IMPLEMENTATIONS = YES;
				CLANG_WARN_DIRECT_OBJC_ISA_USAGE = YES_ERROR;
				CLANG_WARN_DOCUMENTATION_COMMENTS = YES;
				CLANG_WARN_EMPTY_BODY = YES;
				CLANG_WARN_ENUM_CONVERSION = YES;
				CLANG_WARN_INFINITE_RECURSION = YES;
				CLANG_WARN_INT_CONVERSION = YES;
				CLANG_WARN_NON_LITERAL_NULL_CONVERSION = YES;
				CLANG_WARN_OBJC_IMPLICIT_RETAIN_CYCLE = YES;
				CLANG_WARN_OBJC_IMPLICIT_RETAIN_SELF = YES;
				CLANG_WARN_OBJC_LITERAL_CONVERSION = YES;
				CLANG_WARN_OBJC_ROOT_CLASS = YES_ERROR;
				CLANG_WARN_QUOTED_INCLUDE_IN_FRAMEWORK_HEADER = YES;
				CLANG_WARN_RANGE_LOOP_ANALYSIS = YES;
				CLANG_WARN_STRICT_PROTOTYPES = YES;
				CLANG_WARN_SUSPICIOUS_MOVE = YES;
				CLANG_WARN_UNGUARDED_AVAILABILITY = YES_AGGRESSIVE;
				CLANG_WARN_UNREACHABLE_CODE = YES;
				CLANG_WARN__DUPLICATE_METHOD_MATCH = YES;
				COPY_PHASE_STRIP = NO;
				DEBUG_INFORMATION_FORMAT = dwarf;
				DEVELOPMENT_TEAM = 6BU8UKWQXR;
				ENABLE_STRICT_OBJC_MSGSEND = YES;
				ENABLE_TESTABILITY = YES;
				ENABLE_USER_SCRIPT_SANDBOXING = YES;
				GCC_C_LANGUAGE_STANDARD = gnu17;
				GCC_DYNAMIC_NO_PIC = NO;
				GCC_NO_COMMON_BLOCKS = YES;
				GCC_OPTIMIZATION_LEVEL = 0;
				GCC_PREPROCESSOR_DEFINITIONS = (
					"DEBUG=1",
					"$(inherited)",
				);
				GCC_WARN_64_TO_32_BIT_CONVERSION = YES;
				GCC_WARN_ABOUT_RETURN_TYPE = YES_ERROR;
				GCC_WARN_UNDECLARED_SELECTOR = YES;
				GCC_WARN_UNINITIALIZED_AUTOS = YES_AGGRESSIVE;
				GCC_WARN_UNUSED_FUNCTION = YES;
				GCC_WARN_UNUSED_VARIABLE = YES;
				IPHONEOS_DEPLOYMENT_TARGET = 17.0;
				MTL_ENABLE_DEBUG_INFO = INCLUDE_SOURCE;
				MTL_FAST_MATH = YES;
				ONLY_ACTIVE_ARCH = YES;
				SDKROOT = iphoneos;
				STRING_CATALOG_GENERATE_SYMBOLS = YES;
				SWIFT_ACTIVE_COMPILATION_CONDITIONS = "DEBUG $(inherited)";
				SWIFT_OPTIMIZATION_LEVEL = "-Onone";
			};
			name = Debug;
		};
		AABCDBUG1 /* Debug */ = {
			isa = XCBuildConfiguration;
			buildSettings = {
				ASSETCATALOG_COMPILER_APPICON_NAME = AppIcon;
				ASSETCATALOG_COMPILER_GLOBAL_ACCENT_COLOR_NAME = AccentColor;
				CODE_SIGN_ENTITLEMENTS = RFCMentorConnect/RFCMentorConnect.entitlements;
				CODE_SIGN_IDENTITY = "Apple Development";
				CODE_SIGN_STYLE = Automatic;
				CURRENT_PROJECT_VERSION = 2;
				GENERATE_INFOPLIST_FILE = YES;
				INFOPLIST_KEY_NSCameraUsageDescription = "Camera access is needed for video calls with your mentor and to send photos in chat.";
				INFOPLIST_KEY_NSMicrophoneUsageDescription = "Microphone access is needed for video calls with your mentor and to send voice messages.";
				INFOPLIST_KEY_NSPhotoLibraryUsageDescription = "RFC Mentor Connect needs photo library access to send images in chat.";
				INFOPLIST_KEY_UIApplicationSupportsIndirectInputEvents = YES;
				INFOPLIST_KEY_UILaunchScreen_Generation = YES;
				INFOPLIST_KEY_UISupportedInterfaceOrientations = "UIInterfaceOrientationLandscapeLeft UIInterfaceOrientationLandscapeRight UIInterfaceOrientationPortrait UIInterfaceOrientationPortraitUpsideDown";
				IPHONEOS_DEPLOYMENT_TARGET = 17.0;
				LD_RUNPATH_SEARCH_PATHS = (
					"$(inherited)",
					"@executable_path/Frameworks",
				);
				MARKETING_VERSION = 1.0;
				PRODUCT_BUNDLE_IDENTIFIER = com.rejuvenatingfertility.mentorconnect;
				PRODUCT_NAME = "$(TARGET_NAME)";
				PROVISIONING_PROFILE_SPECIFIER = "";
				SWIFT_EMIT_LOC_STRINGS = YES;
				SWIFT_VERSION = 5.0;
				TARGETED_DEVICE_FAMILY = "1,2";
			};
			name = Debug;
		};
		AABCREL0 /* Release */ = {
			isa = XCBuildConfiguration;
			buildSettings = {
				ALWAYS_SEARCH_USER_PATHS = NO;
				ASSETCATALOG_COMPILER_GENERATE_SWIFT_ASSET_SYMBOL_EXTENSIONS = YES;
				CLANG_ANALYZER_NONNULL = YES;
				CLANG_ANALYZER_NUMBER_OBJECT_CONVERSION = YES_AGGRESSIVE;
				CLANG_CXX_LANGUAGE_STANDARD = "gnu++20";
				CLANG_ENABLE_MODULES = YES;
				CLANG_ENABLE_OBJC_ARC = YES;
				CLANG_ENABLE_OBJC_WEAK = YES;
				CLANG_WARN_BLOCK_CAPTURE_AUTORELEASING = YES;
				CLANG_WARN_BOOL_CONVERSION = YES;
				CLANG_WARN_COMMA = YES;
				CLANG_WARN_CONSTANT_CONVERSION = YES;
				CLANG_WARN_DEPRECATED_OBJC_IMPLEMENTATIONS = YES;
				CLANG_WARN_DIRECT_OBJC_ISA_USAGE = YES_ERROR;
				CLANG_WARN_DOCUMENTATION_COMMENTS = YES;
				CLANG_WARN_EMPTY_BODY = YES;
				CLANG_WARN_ENUM_CONVERSION = YES;
				CLANG_WARN_INFINITE_RECURSION = YES;
				CLANG_WARN_INT_CONVERSION = YES;
				CLANG_WARN_NON_LITERAL_NULL_CONVERSION = YES;
				CLANG_WARN_OBJC_IMPLICIT_RETAIN_CYCLE = YES;
				CLANG_WARN_OBJC_IMPLICIT_RETAIN_SELF = YES;
				CLANG_WARN_OBJC_LITERAL_CONVERSION = YES;
				CLANG_WARN_OBJC_ROOT_CLASS = YES_ERROR;
				CLANG_WARN_QUOTED_INCLUDE_IN_FRAMEWORK_HEADER = YES;
				CLANG_WARN_RANGE_LOOP_ANALYSIS = YES;
				CLANG_WARN_STRICT_PROTOTYPES = YES;
				CLANG_WARN_SUSPICIOUS_MOVE = YES;
				CLANG_WARN_UNGUARDED_AVAILABILITY = YES_AGGRESSIVE;
				CLANG_WARN_UNREACHABLE_CODE = YES;
				CLANG_WARN__DUPLICATE_METHOD_MATCH = YES;
				COPY_PHASE_STRIP = NO;
				DEBUG_INFORMATION_FORMAT = "dwarf-with-dsym";
				DEVELOPMENT_TEAM = 6BU8UKWQXR;
				ENABLE_NS_ASSERTIONS = NO;
				ENABLE_STRICT_OBJC_MSGSEND = YES;
				ENABLE_USER_SCRIPT_SANDBOXING = YES;
				GCC_C_LANGUAGE_STANDARD = gnu17;
				GCC_NO_COMMON_BLOCKS = YES;
				GCC_WARN_64_TO_32_BIT_CONVERSION = YES;
				GCC_WARN_ABOUT_RETURN_TYPE = YES_ERROR;
				GCC_WARN_UNDECLARED_SELECTOR = YES;
				GCC_WARN_UNINITIALIZED_AUTOS = YES_AGGRESSIVE;
				GCC_WARN_UNUSED_FUNCTION = YES;
				GCC_WARN_UNUSED_VARIABLE = YES;
				IPHONEOS_DEPLOYMENT_TARGET = 17.0;
				MTL_FAST_MATH = YES;
				SDKROOT = iphoneos;
				STRING_CATALOG_GENERATE_SYMBOLS = YES;
				SWIFT_COMPILATION_MODE = wholemodule;
				SWIFT_OPTIMIZATION_LEVEL = "-O";
				VALIDATE_PRODUCT = YES;
			};
			name = Release;
		};
		AABCREL1 /* Release */ = {
			isa = XCBuildConfiguration;
			buildSettings = {
				ASSETCATALOG_COMPILER_APPICON_NAME = AppIcon;
				ASSETCATALOG_COMPILER_GLOBAL_ACCENT_COLOR_NAME = AccentColor;
				CODE_SIGN_ENTITLEMENTS = RFCMentorConnect/RFCMentorConnect.entitlements;
				CODE_SIGN_IDENTITY = "Apple Development";
				CODE_SIGN_STYLE = Automatic;
				CURRENT_PROJECT_VERSION = 2;
				GENERATE_INFOPLIST_FILE = YES;
				INFOPLIST_KEY_NSCameraUsageDescription = "Camera access is needed for video calls with your mentor and to send photos in chat.";
				INFOPLIST_KEY_NSMicrophoneUsageDescription = "Microphone access is needed for video calls with your mentor and to send voice messages.";
				INFOPLIST_KEY_NSPhotoLibraryUsageDescription = "RFC Mentor Connect needs photo library access to send images in chat.";
				INFOPLIST_KEY_UIApplicationSupportsIndirectInputEvents = YES;
				INFOPLIST_KEY_UILaunchScreen_Generation = YES;
				INFOPLIST_KEY_UISupportedInterfaceOrientations = "UIInterfaceOrientationLandscapeLeft UIInterfaceOrientationLandscapeRight UIInterfaceOrientationPortrait UIInterfaceOrientationPortraitUpsideDown";
				IPHONEOS_DEPLOYMENT_TARGET = 17.0;
				LD_RUNPATH_SEARCH_PATHS = (
					"$(inherited)",
					"@executable_path/Frameworks",
				);
				MARKETING_VERSION = 1.0;
				PRODUCT_BUNDLE_IDENTIFIER = com.rejuvenatingfertility.mentorconnect;
				PRODUCT_NAME = "$(TARGET_NAME)";
				PROVISIONING_PROFILE_SPECIFIER = "";
				SWIFT_EMIT_LOC_STRINGS = YES;
				SWIFT_VERSION = 5.0;
				TARGETED_DEVICE_FAMILY = "1,2";
			};
			name = Release;
		};
/* End XCBuildConfiguration section */

/* Begin XCConfigurationList section */
		AABCLIST0 /* Build configuration list for PBXProject "RFCMentorConnect" */ = {
			isa = XCConfigurationList;
			buildConfigurations = (
				AABCDBUG0 /* Debug */,
				AABCREL0 /* Release */,
			);
			defaultConfigurationIsVisible = 0;
			defaultConfigurationName = Release;
		};
		AABCLIST1 /* Build configuration list for PBXNativeTarget "RFCMentorConnect" */ = {
			isa = XCConfigurationList;
			buildConfigurations = (
				AABCDBUG1 /* Debug */,
				AABCREL1 /* Release */,
			);
			defaultConfigurationIsVisible = 0;
			defaultConfigurationName = Release;
		};
/* End XCConfigurationList section */

/* Begin XCRemoteSwiftPackageReference section */
		AAPKG0003 /* XCRemoteSwiftPackageReference "socket" */ = {
			isa = XCRemoteSwiftPackageReference;
			repositoryURL = "https://github.com/socketio/socket.io-client-swift";
			requirement = {
				kind = upToNextMajorVersion;
				minimumVersion = 16.1.1;
			};
		};
		F856CC412FB63738004CBFAE /* XCRemoteSwiftPackageReference "daily-client-ios" */ = {
			isa = XCRemoteSwiftPackageReference;
			repositoryURL = "https://github.com/daily-co/daily-client-ios.git";
			requirement = {
				kind = upToNextMajorVersion;
				minimumVersion = 0.37.0;
			};
		};
/* End XCRemoteSwiftPackageReference section */

/* Begin XCSwiftPackageProductDependency section */
		AAPKG0001 /* SocketIO */ = {
			isa = XCSwiftPackageProductDependency;
			package = AAPKG0003 /* XCRemoteSwiftPackageReference "socket" */;
			productName = SocketIO;
		};
		F856CC422FB63738004CBFAE /* Daily */ = {
			isa = XCSwiftPackageProductDependency;
			package = F856CC412FB63738004CBFAE /* XCRemoteSwiftPackageReference "daily-client-ios" */;
			productName = Daily;
		};
		F856CC442FB63738004CBFAE /* DailySystemBroadcast */ = {
			isa = XCSwiftPackageProductDependency;
			package = F856CC412FB63738004CBFAE /* XCRemoteSwiftPackageReference "daily-client-ios" */;
			productName = DailySystemBroadcast;
		};
/* End XCSwiftPackageProductDependency section */
	};
	rootObject = AAPROJECT1 /* Project object */;
}
